
Microsoft Visual Studio Solution File, Format Version 12.00
# Visual Studio Version 16
VisualStudioVersion = 16.0.34031.81
MinimumVisualStudioVersion = 10.0.40219.1
Project("{FAE04EC0-301F-11D3-BF4B-00C04F79EFBC}") = "StoreApp(DB)", "StoreApp(DB).csproj", "{F509D5FB-1E9D-47E5-BC64-82E08DF2A612}"
EndProject
Project("{FAE04EC0-301F-11D3-BF4B-00C04F79EFBC}") = "DataAccessLevel", "DataAccessLevel\DataAccessLevel.csproj", "{A40F50A7-DB63-4589-B31D-15F6D0B1E036}"
EndProject
Project("{FAE04EC0-301F-11D3-BF4B-00C04F79EFBC}") = "Models", "Models\Models.csproj", "{59AF204F-4DFC-4C95-B33F-B89EF7F24745}"
EndProject
Project("{FAE04EC0-301F-11D3-BF4B-00C04F79EFBC}") = "StoreService", "StoreService\StoreService.csproj", "{37E5C019-3696-4EE5-AA9A-6AE8D6205EE6}"
EndProject
Project("{FAE04EC0-301F-11D3-BF4B-00C04F79EFBC}") = "ModelsDTO", "ModelsDTO\ModelsDTO.csproj", "{38D0E455-A936-4467-A054-A57D8AB37A2A}"
EndProject
Global
	GlobalSection(SolutionConfigurationPlatforms) = preSolution
		Debug|Any CPU = Debug|Any CPU
		Release|Any CPU = Release|Any CPU
	EndGlobalSection
	GlobalSection(ProjectConfigurationPlatforms) = postSolution
		{F509D5FB-1E9D-47E5-BC64-82E08DF2A612}.Debug|Any CPU.ActiveCfg = Debug|Any CPU
		{F509D5FB-1E9D-47E5-BC64-82E08DF2A612}.Debug|Any CPU.Build.0 = Debug|Any CPU
		{F509D5FB-1E9D-47E5-BC64-82E08DF2A612}.Release|Any CPU.ActiveCfg = Release|Any CPU
		{F509D5FB-1E9D-47E5-BC64-82E08DF2A612}.Release|Any CPU.Build.0 = Release|Any CPU
		{A40F50A7-DB63-4589-B31D-15F6D0B1E036}.Debug|Any CPU.ActiveCfg = Debug|Any CPU
		{A40F50A7-DB63-4589-B31D-15F6D0B1E036}.Debug|Any CPU.Build.0 = Debug|Any CPU
		{A40F50A7-DB63-4589-B31D-15F6D0B1E036}.Release|Any CPU.ActiveCfg = Release|Any CPU
		{A40F50A7-DB63-4589-B31D-15F6D0B1E036}.Release|Any CPU.Build.0 = Release|Any CPU
		{59AF204F-4DFC-4C95-B33F-B89EF7F24745}.Debug|Any CPU.ActiveCfg = Debug|Any CPU
		{59AF204F-4DFC-4C95-B33F-B89EF7F24745}.Debug|Any CPU.Build.0 = Debug|Any CPU
		{59AF204F-4DFC-4C95-B33F-B89EF7F24745}.Release|Any CPU.ActiveCfg = Release|Any CPU
		{59AF204F-4DFC-4C95-B33F-B89EF7F24745}.Release|Any CPU.Build.0 = Release|Any CPU
		{37E5C019-3696-4EE5-AA9A-6AE8D6205EE6}.Debug|Any CPU.ActiveCfg = Debug|Any CPU
		{37E5C019-3696-4EE5-AA9A-6AE8D6205EE6}.Debug|Any CPU.Build.0 = Debug|Any CPU
		{37E5C019-3696-4EE5-AA9A-6AE8D6205EE6}.Release|Any CPU.ActiveCfg = Release|Any CPU
		{37E5C019-3696-4EE5-AA9A-6AE8D6205EE6}.Release|Any CPU.Build.0 = Release|Any CPU
		{38D0E455-A936-4467-A054-A57D8AB37A2A}.Debug|Any CPU.ActiveCfg = Debug|Any CPU
		{38D0E455-A936-4467-A054-A57D8AB37A2A}.Debug|Any CPU.Build.0 = Debug|Any CPU
		{38D0E455-A936-4467-A054-A57D8AB37A2A}.Release|Any CPU.ActiveCfg = Release|Any CPU
		{38D0E455-A936-4467-A054-A57D8AB37A2A}.Release|Any CPU.Build.0 = Release|Any CPU
	EndGlobalSection
	GlobalSection(SolutionProperties) = preSolution
		HideSolutionNode = FALSE
	EndGlobalSection
	GlobalSection(ExtensibilityGlobals) = postSolution
		SolutionGuid = {7BBE8C02-6570-4D19-8E4E-F99909CC4FF5}
	EndGlobalSection
EndGlobal
